// !$*UTF8*$!
{
	archiveVersion = 1;
	classes = {
	};
	objectVersion = 50;
	objects = {

/* Begin PBXBuildFile section */
		211E76952269AED300B838AF /* NUIApplication.mm in Sources */ = {isa = PBXBuildFile; fileRef = 211E76942269AED300B838AF /* NUIApplication.mm */; };
		211E769B2269B10A00B838AF /* NUIWindow.mm in Sources */ = {isa = PBXBuildFile; fileRef = 211E76992269B10A00B838AF /* NUIWindow.mm */; };
		211E769D2269E1DD00B838AF /* UIButton+AddTargetClosure.swift in Sources */ = {isa = PBXBuildFile; fileRef = 211E769C2269E1DD00B838AF /* UIButton+AddTargetClosure.swift */; };
		211E76A02269EF7500B838AF /* NSObject+AssociatedObject.swift in Sources */ = {isa = PBXBuildFile; fileRef = 211E769F2269EF7500B838AF /* NSObject+AssociatedObject.swift */; };
		211E76A22269F41D00B838AF /* NNSObject.mm in Sources */ = {isa = PBXBuildFile; fileRef = 211E76A12269F41D00B838AF /* NNSObject.mm */; };
		211E76A9226A0DE400B838AF /* NUIResponder.mm in Sources */ = {isa = PBXBuildFile; fileRef = 211E76A8226A0DE400B838AF /* NUIResponder.mm */; };
		211E76AB226A11E200B838AF /* NUIControl.mm in Sources */ = {isa = PBXBuildFile; fileRef = 211E76AA226A11E200B838AF /* NUIControl.mm */; };
		211E76B3226A1C3600B838AF /* NUIImageView.mm in Sources */ = {isa = PBXBuildFile; fileRef = 211E76B2226A1C3600B838AF /* NUIImageView.mm */; };
		211E76B5226A332D00B838AF /* NodeUIViewController.swift in Sources */ = {isa = PBXBuildFile; fileRef = 211E76B4226A332D00B838AF /* NodeUIViewController.swift */; };
		211E76B7226A3E4D00B838AF /* NodeUITabBarController.swift in Sources */ = {isa = PBXBuildFile; fileRef = 211E76B6226A3E4D00B838AF /* NodeUITabBarController.swift */; };
		211E76B9226A44CA00B838AF /* UITextField+AddTargetClosure.swift in Sources */ = {isa = PBXBuildFile; fileRef = 211E76B8226A44CA00B838AF /* UITextField+AddTargetClosure.swift */; };
		211E76BD226A52AC00B838AF /* NUILabel.mm in Sources */ = {isa = PBXBuildFile; fileRef = 211E76BB226A52AC00B838AF /* NUILabel.mm */; };
		216392A6226BD48A00051DE0 /* NCALayer.mm in Sources */ = {isa = PBXBuildFile; fileRef = 216392A5226BD48A00051DE0 /* NCALayer.mm */; };
		216392A9226BDBF000051DE0 /* ColorHelper.mm in Sources */ = {isa = PBXBuildFile; fileRef = 216392A8226BDBF000051DE0 /* ColorHelper.mm */; };
		21C872CF226A87C500B5192B /* NNSUserDefaults.mm in Sources */ = {isa = PBXBuildFile; fileRef = 21C872CD226A87C500B5192B /* NNSUserDefaults.mm */; };
		21C872D1226A989400B5192B /* UIView+stringTag.swift in Sources */ = {isa = PBXBuildFile; fileRef = 21C872D0226A989400B5192B /* UIView+stringTag.swift */; };
		A1058B412267FE7E00CEAA5C /* embedded-file-writer.cc in Sources */ = {isa = PBXBuildFile; fileRef = A1058B402267FE7E00CEAA5C /* embedded-file-writer.cc */; };
		A1058B432268029E00CEAA5C /* libs_main.mm in Sources */ = {isa = PBXBuildFile; fileRef = A1058B422268029E00CEAA5C /* libs_main.mm */; };
		A1058B45226810B700CEAA5C /* embedded.S in Sources */ = {isa = PBXBuildFile; fileRef = A1058B44226810B700CEAA5C /* embedded.S */; };
		A1058B47226810BF00CEAA5C /* snapshot.cc in Sources */ = {isa = PBXBuildFile; fileRef = A1058B46226810BF00CEAA5C /* snapshot.cc */; };
		A11CB49A226BE0420006A0D4 /* NUITableViewController.mm in Sources */ = {isa = PBXBuildFile; fileRef = A11CB499226BE0420006A0D4 /* NUITableViewController.mm */; };
		A12655F922719CE400D3DF47 /* tslint.json in Resources */ = {isa = PBXBuildFile; fileRef = A12655E922719CE300D3DF47 /* tslint.json */; };
		A12655FA22719CE400D3DF47 /* yarn.lock in Resources */ = {isa = PBXBuildFile; fileRef = A12655EA22719CE300D3DF47 /* yarn.lock */; };
		A12655FB22719CE400D3DF47 /* index.js in Resources */ = {isa = PBXBuildFile; fileRef = A12655EB22719CE300D3DF47 /* index.js */; };
		A12655FC22719CE400D3DF47 /* tsconfig.json in Resources */ = {isa = PBXBuildFile; fileRef = A12655EC22719CE300D3DF47 /* tsconfig.json */; };
		A12655FD22719CE400D3DF47 /* package-lock.json in Resources */ = {isa = PBXBuildFile; fileRef = A12655ED22719CE300D3DF47 /* package-lock.json */; };
		A12655FE22719CE400D3DF47 /* app.js in Resources */ = {isa = PBXBuildFile; fileRef = A12655EE22719CE300D3DF47 /* app.js */; };
		A126560222719CE400D3DF47 /* hello.js in Resources */ = {isa = PBXBuildFile; fileRef = A12655F322719CE300D3DF47 /* hello.js */; };
		A126560322719CE400D3DF47 /* server.js in Resources */ = {isa = PBXBuildFile; fileRef = A12655F422719CE300D3DF47 /* server.js */; };
		A126560522719CE400D3DF47 /* js-blockchain in Resources */ = {isa = PBXBuildFile; fileRef = A12655F622719CE400D3DF47 /* js-blockchain */; };
		A126560622719CE400D3DF47 /* demo.js in Resources */ = {isa = PBXBuildFile; fileRef = A12655F722719CE400D3DF47 /* demo.js */; };
		A126560722719CE400D3DF47 /* package.json in Resources */ = {isa = PBXBuildFile; fileRef = A12655F822719CE400D3DF47 /* package.json */; };
		A1649772227E14A200CA943F /* NUISwitch.mm in Sources */ = {isa = PBXBuildFile; fileRef = A1649771227E14A200CA943F /* NUISwitch.mm */; };
		A18E802222657B6C000438E0 /* Client.framework in Frameworks */ = {isa = PBXBuildFile; fileRef = A18E802122657B6C000438E0 /* Client.framework */; };
		A19476B2226E905B003BB393 /* NUITableViewDataSource.mm in Sources */ = {isa = PBXBuildFile; fileRef = A19476B1226E905B003BB393 /* NUITableViewDataSource.mm */; };
		A19476B5226E9091003BB393 /* SUITableViewDataSource.swift in Sources */ = {isa = PBXBuildFile; fileRef = A19476B4226E9091003BB393 /* SUITableViewDataSource.swift */; };
		A19476B9226E9109003BB393 /* NUITableViewCell.mm in Sources */ = {isa = PBXBuildFile; fileRef = A19476B8226E9109003BB393 /* NUITableViewCell.mm */; };
		A19476BD226E9469003BB393 /* NUITableView.mm in Sources */ = {isa = PBXBuildFile; fileRef = A19476BC226E9469003BB393 /* NUITableView.mm */; };
		A19476C2226F5BE1003BB393 /* NUIRefreshControl.mm in Sources */ = {isa = PBXBuildFile; fileRef = A19476C1226F5BE1003BB393 /* NUIRefreshControl.mm */; };
		A19476C5226F5CBF003BB393 /* SUIRefreshControl.swift in Sources */ = {isa = PBXBuildFile; fileRef = A19476C4226F5CBF003BB393 /* SUIRefreshControl.swift */; };
		A19476C7226F7410003BB393 /* DashboardViewController.swift in Sources */ = {isa = PBXBuildFile; fileRef = A19476C6226F7410003BB393 /* DashboardViewController.swift */; };
		A19E90FF225D7EEA004FC391 /* Scripts.bundle in Resources */ = {isa = PBXBuildFile; fileRef = A19E90F7225D7EA8004FC391 /* Scripts.bundle */; };
		A1B5ABD1227D112E004B3CB2 /* NCABasicAnimation.mm in Sources */ = {isa = PBXBuildFile; fileRef = A1B5ABD0227D112E004B3CB2 /* NCABasicAnimation.mm */; };
		A1D67293226953BB00562A42 /* NUIViewController.mm in Sources */ = {isa = PBXBuildFile; fileRef = A1D67292226953BB00562A42 /* NUIViewController.mm */; };
		A1D6729822695D0200562A42 /* NUIView.mm in Sources */ = {isa = PBXBuildFile; fileRef = A1D6729722695D0200562A42 /* NUIView.mm */; };
		A1D6729B22696D7A00562A42 /* NUIStoryboard.mm in Sources */ = {isa = PBXBuildFile; fileRef = A1D6729A22696D7A00562A42 /* NUIStoryboard.mm */; };
		A1D672A5226994BD00562A42 /* NUIButton.mm in Sources */ = {isa = PBXBuildFile; fileRef = A1D672A4226994BD00562A42 /* NUIButton.mm */; };
		A1D672B722699DB300562A42 /* NUITextField.mm in Sources */ = {isa = PBXBuildFile; fileRef = A1D672B622699DB300562A42 /* NUITextField.mm */; };
		A1D672BB22699DB900562A42 /* NUITabBarController.mm in Sources */ = {isa = PBXBuildFile; fileRef = A1D672B922699DB900562A42 /* NUITabBarController.mm */; };
		A1D672C02269A06F00562A42 /* NUIImage.mm in Sources */ = {isa = PBXBuildFile; fileRef = A1D672BF2269A06F00562A42 /* NUIImage.mm */; };
		A1E2D7A7226A59C800FA1562 /* EmailTextField.xib in Resources */ = {isa = PBXBuildFile; fileRef = A1E2D7A6226A59C800FA1562 /* EmailTextField.xib */; };
		A1E2D7B7226A5BC100FA1562 /* EmailTextField.swift in Sources */ = {isa = PBXBuildFile; fileRef = A1E2D7B6226A5BC100FA1562 /* EmailTextField.swift */; };
		A1E2D7BB226A5E0200FA1562 /* LoginViewController.swift in Sources */ = {isa = PBXBuildFile; fileRef = A1E2D7BA226A5E0200FA1562 /* LoginViewController.swift */; };
		A1E2D7BD226A63B300FA1562 /* PasswordTextField.swift in Sources */ = {isa = PBXBuildFile; fileRef = A1E2D7BC226A63B300FA1562 /* PasswordTextField.swift */; };
		A1E2D7BF226A63C900FA1562 /* PasswordTextField.xib in Resources */ = {isa = PBXBuildFile; fileRef = A1E2D7BE226A63C900FA1562 /* PasswordTextField.xib */; };
		A1E48224226AA259002AF96F /* NUINavigationController.mm in Sources */ = {isa = PBXBuildFile; fileRef = A1E48223226AA259002AF96F /* NUINavigationController.mm */; };
		A1E48229226AB0CF002AF96F /* NUIImagePickerController.mm in Sources */ = {isa = PBXBuildFile; fileRef = A1E48228226AB0CF002AF96F /* NUIImagePickerController.mm */; };
		A1E4822D226AB42E002AF96F /* NUIImagePickerControllerDelegate.mm in Sources */ = {isa = PBXBuildFile; fileRef = A1E4822C226AB42E002AF96F /* NUIImagePickerControllerDelegate.mm */; };
		A1E4822F226AB959002AF96F /* SUIImagePickerControllerDelegate.swift in Sources */ = {isa = PBXBuildFile; fileRef = A1E4822E226AB959002AF96F /* SUIImagePickerControllerDelegate.swift */; };
		A1FC1A02225C65DC00085571 /* AppDelegate.swift in Sources */ = {isa = PBXBuildFile; fileRef = A1FC1A01225C65DC00085571 /* AppDelegate.swift */; };
		A1FC1A04225C65DC00085571 /* FirstViewController.swift in Sources */ = {isa = PBXBuildFile; fileRef = A1FC1A03225C65DC00085571 /* FirstViewController.swift */; };
		A1FC1A06225C65DC00085571 /* SecondViewController.swift in Sources */ = {isa = PBXBuildFile; fileRef = A1FC1A05225C65DC00085571 /* SecondViewController.swift */; };
		A1FC1A09225C65DC00085571 /* Main.storyboard in Resources */ = {isa = PBXBuildFile; fileRef = A1FC1A07225C65DC00085571 /* Main.storyboard */; };
		A1FC1A0B225C65DD00085571 /* Assets.xcassets in Resources */ = {isa = PBXBuildFile; fileRef = A1FC1A0A225C65DD00085571 /* Assets.xcassets */; };
		A1FC1A0E225C65DD00085571 /* LaunchScreen.storyboard in Resources */ = {isa = PBXBuildFile; fileRef = A1FC1A0C225C65DD00085571 /* LaunchScreen.storyboard */; };
		A1FC1A17225C66D000085571 /* hello.mm in Sources */ = {isa = PBXBuildFile; fileRef = A1FC1A16225C66D000085571 /* hello.mm */; };
		A1FC1A1A225C6A4A00085571 /* hello-v8.cpp in Sources */ = {isa = PBXBuildFile; fileRef = A1FC1A18225C6A4A00085571 /* hello-v8.cpp */; };
		A1FC1A2D225C6AB200085571 /* libhttp_parser.a in Frameworks */ = {isa = PBXBuildFile; fileRef = A1FC1A1C225C6AB200085571 /* libhttp_parser.a */; };
		A1FC1A2E225C6AB200085571 /* libbrotli.a in Frameworks */ = {isa = PBXBuildFile; fileRef = A1FC1A1D225C6AB200085571 /* libbrotli.a */; };
		A1FC1A2F225C6AB200085571 /* libv8_init.a in Frameworks */ = {isa = PBXBuildFile; fileRef = A1FC1A1E225C6AB200085571 /* libv8_init.a */; };
		A1FC1A30225C6AB200085571 /* libllhttp.a in Frameworks */ = {isa = PBXBuildFile; fileRef = A1FC1A1F225C6AB200085571 /* libllhttp.a */; };
		A1FC1A31225C6AB200085571 /* libnode.a in Frameworks */ = {isa = PBXBuildFile; fileRef = A1FC1A20225C6AB200085571 /* libnode.a */; };
		A1FC1A32225C6AB200085571 /* libv8_nosnapshot.a in Frameworks */ = {isa = PBXBuildFile; fileRef = A1FC1A21225C6AB200085571 /* libv8_nosnapshot.a */; };
		A1FC1A33225C6AB200085571 /* libzlib.a in Frameworks */ = {isa = PBXBuildFile; fileRef = A1FC1A22225C6AB200085571 /* libzlib.a */; };
		A1FC1A34225C6AB200085571 /* libopenssl.a in Frameworks */ = {isa = PBXBuildFile; fileRef = A1FC1A23225C6AB200085571 /* libopenssl.a */; };
		A1FC1A35225C6AB200085571 /* libuv.a in Frameworks */ = {isa = PBXBuildFile; fileRef = A1FC1A24225C6AB200085571 /* libuv.a */; };
		A1FC1A36225C6AB200085571 /* libv8_base.a in Frameworks */ = {isa = PBXBuildFile; fileRef = A1FC1A25225C6AB200085571 /* libv8_base.a */; };
		A1FC1A37225C6AB200085571 /* libv8_libplatform.a in Frameworks */ = {isa = PBXBuildFile; fileRef = A1FC1A26225C6AB200085571 /* libv8_libplatform.a */; };
		A1FC1A38225C6AB200085571 /* libv8_libsampler.a in Frameworks */ = {isa = PBXBuildFile; fileRef = A1FC1A27225C6AB200085571 /* libv8_libsampler.a */; };
		A1FC1A39225C6AB200085571 /* libnghttp2.a in Frameworks */ = {isa = PBXBuildFile; fileRef = A1FC1A28225C6AB200085571 /* libnghttp2.a */; };
		A1FC1A3A225C6AB200085571 /* libhistogram.a in Frameworks */ = {isa = PBXBuildFile; fileRef = A1FC1A29225C6AB200085571 /* libhistogram.a */; };
		A1FC1A3B225C6AB200085571 /* libv8_initializers.a in Frameworks */ = {isa = PBXBuildFile; fileRef = A1FC1A2A225C6AB200085571 /* libv8_initializers.a */; };
		A1FC1A3C225C6AB200085571 /* libv8_libbase.a in Frameworks */ = {isa = PBXBuildFile; fileRef = A1FC1A2B225C6AB200085571 /* libv8_libbase.a */; };
		A1FC1A3D225C6AB200085571 /* libcares.a in Frameworks */ = {isa = PBXBuildFile; fileRef = A1FC1A2C225C6AB200085571 /* libcares.a */; };
		A1FC1A40225C82AC00085571 /* v8-snapshot-blob-arm64-debug.cpp in Sources */ = {isa = PBXBuildFile; fileRef = A1FC1A3E225C82AC00085571 /* v8-snapshot-blob-arm64-debug.cpp */; };
		A1FF9E61225C9A97004D7C82 /* test-v8-serialize.cpp in Sources */ = {isa = PBXBuildFile; fileRef = A1FF9E5F225C9A97004D7C82 /* test-v8-serialize.cpp */; };
		A1FF9E64225CD7FB004D7C82 /* mksnapshot.cpp in Sources */ = {isa = PBXBuildFile; fileRef = A1FF9E62225CD7FB004D7C82 /* mksnapshot.cpp */; };
		A1FF9E6D225D3CEB004D7C82 /* hello-node.mm in Sources */ = {isa = PBXBuildFile; fileRef = A1FF9E6B225D3CEB004D7C82 /* hello-node.mm */; };
/* End PBXBuildFile section */

/* Begin PBXContainerItemProxy section */
		A19E90FD225D7EDC004FC391 /* PBXContainerItemProxy */ = {
			isa = PBXContainerItemProxy;
			containerPortal = A1FC19F6225C65DC00085571 /* Project object */;
			proxyType = 1;
			remoteGlobalIDString = A19E90F6225D7EA8004FC391;
			remoteInfo = Scripts;
		};
/* End PBXContainerItemProxy section */

/* Begin PBXFileReference section */
		211E76942269AED300B838AF /* NUIApplication.mm */ = {isa = PBXFileReference; lastKnownFileType = sourcecode.cpp.objcpp; path = NUIApplication.mm; sourceTree = "<group>"; };
		211E76962269AF3100B838AF /* NUIApplication.h */ = {isa = PBXFileReference; lastKnownFileType = sourcecode.c.h; path = NUIApplication.h; sourceTree = "<group>"; };
		211E76992269B10A00B838AF /* NUIWindow.mm */ = {isa = PBXFileReference; fileEncoding = 4; lastKnownFileType = sourcecode.cpp.objcpp; path = NUIWindow.mm; sourceTree = "<group>"; };
		211E769A2269B10A00B838AF /* NUIWindow.h */ = {isa = PBXFileReference; fileEncoding = 4; lastKnownFileType = sourcecode.c.h; path = NUIWindow.h; sourceTree = "<group>"; };
		211E769C2269E1DD00B838AF /* UIButton+AddTargetClosure.swift */ = {isa = PBXFileReference; lastKnownFileType = sourcecode.swift; path = "UIButton+AddTargetClosure.swift"; sourceTree = "<group>"; };
		211E769F2269EF7500B838AF /* NSObject+AssociatedObject.swift */ = {isa = PBXFileReference; lastKnownFileType = sourcecode.swift; path = "NSObject+AssociatedObject.swift"; sourceTree = "<group>"; };
		211E76A12269F41D00B838AF /* NNSObject.mm */ = {isa = PBXFileReference; lastKnownFileType = sourcecode.cpp.objcpp; path = NNSObject.mm; sourceTree = "<group>"; };
		211E76A32269F42B00B838AF /* NNSObject.h */ = {isa = PBXFileReference; lastKnownFileType = sourcecode.c.h; path = NNSObject.h; sourceTree = "<group>"; };
		211E76A5226A0CF900B838AF /* NUIResponder.h */ = {isa = PBXFileReference; lastKnownFileType = sourcecode.c.h; path = NUIResponder.h; sourceTree = "<group>"; };
		211E76A7226A0D1100B838AF /* NUIControl.h */ = {isa = PBXFileReference; lastKnownFileType = sourcecode.c.h; path = NUIControl.h; sourceTree = "<group>"; };
		211E76A8226A0DE400B838AF /* NUIResponder.mm */ = {isa = PBXFileReference; lastKnownFileType = sourcecode.cpp.objcpp; path = NUIResponder.mm; sourceTree = "<group>"; };
		211E76AA226A11E200B838AF /* NUIControl.mm */ = {isa = PBXFileReference; lastKnownFileType = sourcecode.cpp.objcpp; path = NUIControl.mm; sourceTree = "<group>"; };
		211E76B1226A1C3600B838AF /* NUIImageView.h */ = {isa = PBXFileReference; fileEncoding = 4; lastKnownFileType = sourcecode.c.h; path = NUIImageView.h; sourceTree = "<group>"; };
		211E76B2226A1C3600B838AF /* NUIImageView.mm */ = {isa = PBXFileReference; fileEncoding = 4; lastKnownFileType = sourcecode.cpp.objcpp; path = NUIImageView.mm; sourceTree = "<group>"; };
		211E76B4226A332D00B838AF /* NodeUIViewController.swift */ = {isa = PBXFileReference; lastKnownFileType = sourcecode.swift; path = NodeUIViewController.swift; sourceTree = "<group>"; };
		211E76B6226A3E4D00B838AF /* NodeUITabBarController.swift */ = {isa = PBXFileReference; lastKnownFileType = sourcecode.swift; path = NodeUITabBarController.swift; sourceTree = "<group>"; };
		211E76B8226A44CA00B838AF /* UITextField+AddTargetClosure.swift */ = {isa = PBXFileReference; lastKnownFileType = sourcecode.swift; path = "UITextField+AddTargetClosure.swift"; sourceTree = "<group>"; };
		211E76BB226A52AC00B838AF /* NUILabel.mm */ = {isa = PBXFileReference; fileEncoding = 4; lastKnownFileType = sourcecode.cpp.objcpp; path = NUILabel.mm; sourceTree = "<group>"; };
		211E76BC226A52AC00B838AF /* NUILabel.h */ = {isa = PBXFileReference; fileEncoding = 4; lastKnownFileType = sourcecode.c.h; path = NUILabel.h; sourceTree = "<group>"; };
		216392A4226BD48A00051DE0 /* NCALayer.h */ = {isa = PBXFileReference; fileEncoding = 4; lastKnownFileType = sourcecode.c.h; path = NCALayer.h; sourceTree = "<group>"; };
		216392A5226BD48A00051DE0 /* NCALayer.mm */ = {isa = PBXFileReference; fileEncoding = 4; lastKnownFileType = sourcecode.cpp.objcpp; path = NCALayer.mm; sourceTree = "<group>"; };
		216392A7226BDBD900051DE0 /* ColorHelper.h */ = {isa = PBXFileReference; lastKnownFileType = sourcecode.c.h; path = ColorHelper.h; sourceTree = "<group>"; };
		216392A8226BDBF000051DE0 /* ColorHelper.mm */ = {isa = PBXFileReference; lastKnownFileType = sourcecode.cpp.objcpp; path = ColorHelper.mm; sourceTree = "<group>"; };
		21C872CD226A87C500B5192B /* NNSUserDefaults.mm */ = {isa = PBXFileReference; fileEncoding = 4; lastKnownFileType = sourcecode.cpp.objcpp; path = NNSUserDefaults.mm; sourceTree = "<group>"; };
		21C872CE226A87C500B5192B /* NNSUserDefaults.h */ = {isa = PBXFileReference; fileEncoding = 4; lastKnownFileType = sourcecode.c.h; path = NNSUserDefaults.h; sourceTree = "<group>"; };
		21C872D0226A989400B5192B /* UIView+stringTag.swift */ = {isa = PBXFileReference; lastKnownFileType = sourcecode.swift; path = "UIView+stringTag.swift"; sourceTree = "<group>"; };
		A1058B402267FE7E00CEAA5C /* embedded-file-writer.cc */ = {isa = PBXFileReference; fileEncoding = 4; lastKnownFileType = sourcecode.cpp.cpp; name = "embedded-file-writer.cc"; path = "../node-ios-full/deps/v8/src/snapshot/embedded-file-writer.cc"; sourceTree = "<group>"; };
		A1058B422268029E00CEAA5C /* libs_main.mm */ = {isa = PBXFileReference; lastKnownFileType = sourcecode.cpp.objcpp; path = libs_main.mm; sourceTree = "<group>"; };
		A1058B44226810B700CEAA5C /* embedded.S */ = {isa = PBXFileReference; fileEncoding = 4; lastKnownFileType = sourcecode.asm; path = embedded.S; sourceTree = "<group>"; };
		A1058B46226810BF00CEAA5C /* snapshot.cc */ = {isa = PBXFileReference; fileEncoding = 4; lastKnownFileType = sourcecode.cpp.cpp; path = snapshot.cc; sourceTree = "<group>"; };
		A11CB498226BE0390006A0D4 /* NUITableViewController.h */ = {isa = PBXFileReference; lastKnownFileType = sourcecode.c.h; name = NUITableViewController.h; path = "node-ios-hello/NUIKit/NUITableViewController.h"; sourceTree = SOURCE_ROOT; };
		A11CB499226BE0420006A0D4 /* NUITableViewController.mm */ = {isa = PBXFileReference; lastKnownFileType = sourcecode.cpp.objcpp; path = NUITableViewController.mm; sourceTree = "<group>"; };
		A12655E922719CE300D3DF47 /* tslint.json */ = {isa = PBXFileReference; fileEncoding = 4; lastKnownFileType = text.json; path = tslint.json; sourceTree = "<group>"; };
		A12655EA22719CE300D3DF47 /* yarn.lock */ = {isa = PBXFileReference; fileEncoding = 4; lastKnownFileType = text; path = yarn.lock; sourceTree = "<group>"; };
		A12655EB22719CE300D3DF47 /* index.js */ = {isa = PBXFileReference; fileEncoding = 4; lastKnownFileType = sourcecode.javascript; path = index.js; sourceTree = "<group>"; };
		A12655EC22719CE300D3DF47 /* tsconfig.json */ = {isa = PBXFileReference; fileEncoding = 4; lastKnownFileType = text.json; path = tsconfig.json; sourceTree = "<group>"; };
		A12655ED22719CE300D3DF47 /* package-lock.json */ = {isa = PBXFileReference; fileEncoding = 4; lastKnownFileType = text.json; path = "package-lock.json"; sourceTree = "<group>"; };
		A12655EE22719CE300D3DF47 /* app.js */ = {isa = PBXFileReference; fileEncoding = 4; lastKnownFileType = sourcecode.javascript; path = app.js; sourceTree = "<group>"; };
		A12655EF22719CE300D3DF47 /* index.js.map */ = {isa = PBXFileReference; fileEncoding = 4; lastKnownFileType = "sourcecode.module-map"; path = index.js.map; sourceTree = "<group>"; };
		A12655F322719CE300D3DF47 /* hello.js */ = {isa = PBXFileReference; fileEncoding = 4; lastKnownFileType = sourcecode.javascript; path = hello.js; sourceTree = "<group>"; };
		A12655F422719CE300D3DF47 /* server.js */ = {isa = PBXFileReference; fileEncoding = 4; lastKnownFileType = sourcecode.javascript; path = server.js; sourceTree = "<group>"; };
		A12655F622719CE400D3DF47 /* js-blockchain */ = {isa = PBXFileReference; lastKnownFileType = folder; path = "js-blockchain"; sourceTree = "<group>"; };
		A12655F722719CE400D3DF47 /* demo.js */ = {isa = PBXFileReference; fileEncoding = 4; lastKnownFileType = sourcecode.javascript; path = demo.js; sourceTree = "<group>"; };
		A12655F822719CE400D3DF47 /* package.json */ = {isa = PBXFileReference; fileEncoding = 4; lastKnownFileType = text.json; path = package.json; sourceTree = "<group>"; };
		A1649770227E149900CA943F /* NUISwitch.h */ = {isa = PBXFileReference; lastKnownFileType = sourcecode.c.h; path = NUISwitch.h; sourceTree = "<group>"; };
		A1649771227E14A200CA943F /* NUISwitch.mm */ = {isa = PBXFileReference; lastKnownFileType = sourcecode.cpp.objcpp; path = NUISwitch.mm; sourceTree = "<group>"; };
		A18E802122657B6C000438E0 /* Client.framework */ = {isa = PBXFileReference; lastKnownFileType = wrapper.framework; path = Client.framework; sourceTree = "<group>"; };
		A19476B1226E905B003BB393 /* NUITableViewDataSource.mm */ = {isa = PBXFileReference; lastKnownFileType = sourcecode.cpp.objcpp; path = NUITableViewDataSource.mm; sourceTree = "<group>"; };
		A19476B3226E9066003BB393 /* NUITableViewDataSource.h */ = {isa = PBXFileReference; lastKnownFileType = sourcecode.c.h; path = NUITableViewDataSource.h; sourceTree = "<group>"; };
		A19476B4226E9091003BB393 /* SUITableViewDataSource.swift */ = {isa = PBXFileReference; lastKnownFileType = sourcecode.swift; path = SUITableViewDataSource.swift; sourceTree = "<group>"; };
		A19476B7226E90FF003BB393 /* NUITableViewCell.h */ = {isa = PBXFileReference; lastKnownFileType = sourcecode.c.h; path = NUITableViewCell.h; sourceTree = "<group>"; };
		A19476B8226E9109003BB393 /* NUITableViewCell.mm */ = {isa = PBXFileReference; lastKnownFileType = sourcecode.cpp.objcpp; path = NUITableViewCell.mm; sourceTree = "<group>"; };
		A19476BB226E9461003BB393 /* NUITableView.h */ = {isa = PBXFileReference; lastKnownFileType = sourcecode.c.h; path = NUITableView.h; sourceTree = "<group>"; };
		A19476BC226E9469003BB393 /* NUITableView.mm */ = {isa = PBXFileReference; lastKnownFileType = sourcecode.cpp.objcpp; path = NUITableView.mm; sourceTree = "<group>"; };
		A19476C1226F5BE1003BB393 /* NUIRefreshControl.mm */ = {isa = PBXFileReference; lastKnownFileType = sourcecode.cpp.objcpp; path = NUIRefreshControl.mm; sourceTree = "<group>"; };
		A19476C3226F5BEF003BB393 /* NUIRefreshControl.h */ = {isa = PBXFileReference; lastKnownFileType = sourcecode.c.h; path = NUIRefreshControl.h; sourceTree = "<group>"; };
		A19476C4226F5CBF003BB393 /* SUIRefreshControl.swift */ = {isa = PBXFileReference; lastKnownFileType = sourcecode.swift; path = SUIRefreshControl.swift; sourceTree = "<group>"; };
		A19476C6226F7410003BB393 /* DashboardViewController.swift */ = {isa = PBXFileReference; lastKnownFileType = sourcecode.swift; path = DashboardViewController.swift; sourceTree = "<group>"; };
		A19E90F7225D7EA8004FC391 /* Scripts.bundle */ = {isa = PBXFileReference; explicitFileType = wrapper.cfbundle; includeInIndex = 0; path = Scripts.bundle; sourceTree = BUILT_PRODUCTS_DIR; };
		A1B5ABCF227D1124004B3CB2 /* NCABasicAnimation.h */ = {isa = PBXFileReference; lastKnownFileType = sourcecode.c.h; path = NCABasicAnimation.h; sourceTree = "<group>"; };
		A1B5ABD0227D112E004B3CB2 /* NCABasicAnimation.mm */ = {isa = PBXFileReference; lastKnownFileType = sourcecode.cpp.objcpp; path = NCABasicAnimation.mm; sourceTree = "<group>"; };
		A1D6729022694E7000562A42 /* libs_main.hpp */ = {isa = PBXFileReference; lastKnownFileType = sourcecode.cpp.h; path = libs_main.hpp; sourceTree = "<group>"; };
		A1D67291226953B100562A42 /* NUIViewController.h */ = {isa = PBXFileReference; lastKnownFileType = sourcecode.c.h; path = NUIViewController.h; sourceTree = "<group>"; };
		A1D67292226953BB00562A42 /* NUIViewController.mm */ = {isa = PBXFileReference; lastKnownFileType = sourcecode.cpp.objcpp; path = NUIViewController.mm; sourceTree = "<group>"; };
		A1D67294226954C000562A42 /* defines.h */ = {isa = PBXFileReference; lastKnownFileType = sourcecode.c.h; path = defines.h; sourceTree = "<group>"; };
		A1D6729622695CB800562A42 /* NUIView.h */ = {isa = PBXFileReference; lastKnownFileType = sourcecode.c.h; path = NUIView.h; sourceTree = "<group>"; };
		A1D6729722695D0200562A42 /* NUIView.mm */ = {isa = PBXFileReference; lastKnownFileType = sourcecode.cpp.objcpp; path = NUIView.mm; sourceTree = "<group>"; };
		A1D6729922696D6D00562A42 /* NUIStoryboard.h */ = {isa = PBXFileReference; lastKnownFileType = sourcecode.c.h; path = NUIStoryboard.h; sourceTree = "<group>"; };
		A1D6729A22696D7A00562A42 /* NUIStoryboard.mm */ = {isa = PBXFileReference; lastKnownFileType = sourcecode.cpp.objcpp; path = NUIStoryboard.mm; sourceTree = "<group>"; };
		A1D672A4226994BD00562A42 /* NUIButton.mm */ = {isa = PBXFileReference; lastKnownFileType = sourcecode.cpp.objcpp; path = NUIButton.mm; sourceTree = "<group>"; };
		A1D672A6226994C800562A42 /* NUIButton.h */ = {isa = PBXFileReference; lastKnownFileType = sourcecode.c.h; path = NUIButton.h; sourceTree = "<group>"; };
		A1D672B522699DB300562A42 /* NUITextField.h */ = {isa = PBXFileReference; fileEncoding = 4; lastKnownFileType = sourcecode.c.h; path = NUITextField.h; sourceTree = "<group>"; };
		A1D672B622699DB300562A42 /* NUITextField.mm */ = {isa = PBXFileReference; fileEncoding = 4; lastKnownFileType = sourcecode.cpp.objcpp; path = NUITextField.mm; sourceTree = "<group>"; };
		A1D672B922699DB900562A42 /* NUITabBarController.mm */ = {isa = PBXFileReference; fileEncoding = 4; lastKnownFileType = sourcecode.cpp.objcpp; path = NUITabBarController.mm; sourceTree = "<group>"; };
		A1D672BA22699DB900562A42 /* NUITabBarController.h */ = {isa = PBXFileReference; fileEncoding = 4; lastKnownFileType = sourcecode.c.h; path = NUITabBarController.h; sourceTree = "<group>"; };
		A1D672BE2269A06500562A42 /* NUIImage.h */ = {isa = PBXFileReference; lastKnownFileType = sourcecode.c.h; path = NUIImage.h; sourceTree = "<group>"; };
		A1D672BF2269A06F00562A42 /* NUIImage.mm */ = {isa = PBXFileReference; lastKnownFileType = sourcecode.cpp.objcpp; path = NUIImage.mm; sourceTree = "<group>"; };
		A1E2D7A6226A59C800FA1562 /* EmailTextField.xib */ = {isa = PBXFileReference; lastKnownFileType = file.xib; path = EmailTextField.xib; sourceTree = "<group>"; };
		A1E2D7B6226A5BC100FA1562 /* EmailTextField.swift */ = {isa = PBXFileReference; lastKnownFileType = sourcecode.swift; path = EmailTextField.swift; sourceTree = "<group>"; };
		A1E2D7BA226A5E0200FA1562 /* LoginViewController.swift */ = {isa = PBXFileReference; lastKnownFileType = sourcecode.swift; path = LoginViewController.swift; sourceTree = "<group>"; };
		A1E2D7BC226A63B300FA1562 /* PasswordTextField.swift */ = {isa = PBXFileReference; lastKnownFileType = sourcecode.swift; path = PasswordTextField.swift; sourceTree = "<group>"; };
		A1E2D7BE226A63C900FA1562 /* PasswordTextField.xib */ = {isa = PBXFileReference; lastKnownFileType = file.xib; path = PasswordTextField.xib; sourceTree = "<group>"; };
		A1E48223226AA259002AF96F /* NUINavigationController.mm */ = {isa = PBXFileReference; lastKnownFileType = sourcecode.cpp.objcpp; path = NUINavigationController.mm; sourceTree = "<group>"; };
		A1E48225226AA261002AF96F /* NUINavigationController.h */ = {isa = PBXFileReference; lastKnownFileType = sourcecode.c.h; path = NUINavigationController.h; sourceTree = "<group>"; };
		A1E48227226AB0C5002AF96F /* NUIImagePickerController.h */ = {isa = PBXFileReference; lastKnownFileType = sourcecode.c.h; path = NUIImagePickerController.h; sourceTree = "<group>"; };
		A1E48228226AB0CF002AF96F /* NUIImagePickerController.mm */ = {isa = PBXFileReference; lastKnownFileType = sourcecode.cpp.objcpp; path = NUIImagePickerController.mm; sourceTree = "<group>"; };
		A1E4822B226AB425002AF96F /* NUIImagePickerControllerDelegate.h */ = {isa = PBXFileReference; lastKnownFileType = sourcecode.c.h; path = NUIImagePickerControllerDelegate.h; sourceTree = "<group>"; };
		A1E4822C226AB42E002AF96F /* NUIImagePickerControllerDelegate.mm */ = {isa = PBXFileReference; lastKnownFileType = sourcecode.cpp.objcpp; path = NUIImagePickerControllerDelegate.mm; sourceTree = "<group>"; };
		A1E4822E226AB959002AF96F /* SUIImagePickerControllerDelegate.swift */ = {isa = PBXFileReference; lastKnownFileType = sourcecode.swift; path = SUIImagePickerControllerDelegate.swift; sourceTree = "<group>"; };
		A1FC19FE225C65DC00085571 /* node-ios-hello.app */ = {isa = PBXFileReference; explicitFileType = wrapper.application; includeInIndex = 0; path = "node-ios-hello.app"; sourceTree = BUILT_PRODUCTS_DIR; };
		A1FC1A01225C65DC00085571 /* AppDelegate.swift */ = {isa = PBXFileReference; lastKnownFileType = sourcecode.swift; path = AppDelegate.swift; sourceTree = "<group>"; };
		A1FC1A03225C65DC00085571 /* FirstViewController.swift */ = {isa = PBXFileReference; lastKnownFileType = sourcecode.swift; path = FirstViewController.swift; sourceTree = "<group>"; };
		A1FC1A05225C65DC00085571 /* SecondViewController.swift */ = {isa = PBXFileReference; lastKnownFileType = sourcecode.swift; path = SecondViewController.swift; sourceTree = "<group>"; };
		A1FC1A08225C65DC00085571 /* Base */ = {isa = PBXFileReference; lastKnownFileType = file.storyboard; name = Base; path = Base.lproj/Main.storyboard; sourceTree = "<group>"; };
		A1FC1A0A225C65DD00085571 /* Assets.xcassets */ = {isa = PBXFileReference; lastKnownFileType = folder.assetcatalog; path = Assets.xcassets; sourceTree = "<group>"; };
		A1FC1A0D225C65DD00085571 /* Base */ = {isa = PBXFileReference; lastKnownFileType = file.storyboard; name = Base; path = Base.lproj/LaunchScreen.storyboard; sourceTree = "<group>"; };
		A1FC1A0F225C65DD00085571 /* Info.plist */ = {isa = PBXFileReference; lastKnownFileType = text.plist.xml; path = Info.plist; sourceTree = "<group>"; };
		A1FC1A15225C66D000085571 /* node-ios-hello-Bridging-Header.h */ = {isa = PBXFileReference; lastKnownFileType = sourcecode.c.h; path = "node-ios-hello-Bridging-Header.h"; sourceTree = "<group>"; };
		A1FC1A16225C66D000085571 /* hello.mm */ = {isa = PBXFileReference; lastKnownFileType = sourcecode.cpp.objcpp; path = hello.mm; sourceTree = "<group>"; };
		A1FC1A18225C6A4A00085571 /* hello-v8.cpp */ = {isa = PBXFileReference; lastKnownFileType = sourcecode.cpp.cpp; path = "hello-v8.cpp"; sourceTree = "<group>"; };
		A1FC1A19225C6A4A00085571 /* hello-v8.hpp */ = {isa = PBXFileReference; lastKnownFileType = sourcecode.cpp.h; path = "hello-v8.hpp"; sourceTree = "<group>"; };
		A1FC1A1C225C6AB200085571 /* libhttp_parser.a */ = {isa = PBXFileReference; lastKnownFileType = archive.ar; name = libhttp_parser.a; path = "../../node-ios-full/out/Debug/libhttp_parser.a"; sourceTree = "<group>"; };
		A1FC1A1D225C6AB200085571 /* libbrotli.a */ = {isa = PBXFileReference; lastKnownFileType = archive.ar; name = libbrotli.a; path = "../../node-ios-full/out/Debug/libbrotli.a"; sourceTree = "<group>"; };
		A1FC1A1E225C6AB200085571 /* libv8_init.a */ = {isa = PBXFileReference; lastKnownFileType = archive.ar; name = libv8_init.a; path = "../../node-ios-full/out/Debug/libv8_init.a"; sourceTree = "<group>"; };
		A1FC1A1F225C6AB200085571 /* libllhttp.a */ = {isa = PBXFileReference; lastKnownFileType = archive.ar; name = libllhttp.a; path = "../../node-ios-full/out/Debug/libllhttp.a"; sourceTree = "<group>"; };
		A1FC1A20225C6AB200085571 /* libnode.a */ = {isa = PBXFileReference; lastKnownFileType = archive.ar; name = libnode.a; path = "../../node-ios-full/out/Debug/libnode.a"; sourceTree = "<group>"; };
		A1FC1A21225C6AB200085571 /* libv8_nosnapshot.a */ = {isa = PBXFileReference; lastKnownFileType = archive.ar; name = libv8_nosnapshot.a; path = "../../node-ios-full/out/Debug/libv8_nosnapshot.a"; sourceTree = "<group>"; };
		A1FC1A22225C6AB200085571 /* libzlib.a */ = {isa = PBXFileReference; lastKnownFileType = archive.ar; name = libzlib.a; path = "../../node-ios-full/out/Debug/libzlib.a"; sourceTree = "<group>"; };
		A1FC1A23225C6AB200085571 /* libopenssl.a */ = {isa = PBXFileReference; lastKnownFileType = archive.ar; name = libopenssl.a; path = "../../node-ios-full/out/Debug/libopenssl.a"; sourceTree = "<group>"; };
		A1FC1A24225C6AB200085571 /* libuv.a */ = {isa = PBXFileReference; lastKnownFileType = archive.ar; name = libuv.a; path = "../../node-ios-full/out/Debug/libuv.a"; sourceTree = "<group>"; };
		A1FC1A25225C6AB200085571 /* libv8_base.a */ = {isa = PBXFileReference; lastKnownFileType = archive.ar; name = libv8_base.a; path = "../../node-ios-full/out/Debug/libv8_base.a"; sourceTree = "<group>"; };
		A1FC1A26225C6AB200085571 /* libv8_libplatform.a */ = {isa = PBXFileReference; lastKnownFileType = archive.ar; name = libv8_libplatform.a; path = "../../node-ios-full/out/Debug/libv8_libplatform.a"; sourceTree = "<group>"; };
		A1FC1A27225C6AB200085571 /* libv8_libsampler.a */ = {isa = PBXFileReference; lastKnownFileType = archive.ar; name = libv8_libsampler.a; path = "../../node-ios-full/out/Debug/libv8_libsampler.a"; sourceTree = "<group>"; };
		A1FC1A28225C6AB200085571 /* libnghttp2.a */ = {isa = PBXFileReference; lastKnownFileType = archive.ar; name = libnghttp2.a; path = "../../node-ios-full/out/Debug/libnghttp2.a"; sourceTree = "<group>"; };
		A1FC1A29225C6AB200085571 /* libhistogram.a */ = {isa = PBXFileReference; lastKnownFileType = archive.ar; name = libhistogram.a; path = "../../node-ios-full/out/Debug/libhistogram.a"; sourceTree = "<group>"; };
		A1FC1A2A225C6AB200085571 /* libv8_initializers.a */ = {isa = PBXFileReference; lastKnownFileType = archive.ar; name = libv8_initializers.a; path = "../../node-ios-full/out/Debug/libv8_initializers.a"; sourceTree = "<group>"; };
		A1FC1A2B225C6AB200085571 /* libv8_libbase.a */ = {isa = PBXFileReference; lastKnownFileType = archive.ar; name = libv8_libbase.a; path = "../../node-ios-full/out/Debug/libv8_libbase.a"; sourceTree = "<group>"; };
		A1FC1A2C225C6AB200085571 /* libcares.a */ = {isa = PBXFileReference; lastKnownFileType = archive.ar; name = libcares.a; path = "../../node-ios-full/out/Debug/libcares.a"; sourceTree = "<group>"; };
		A1FC1A3E225C82AC00085571 /* v8-snapshot-blob-arm64-debug.cpp */ = {isa = PBXFileReference; lastKnownFileType = sourcecode.cpp.cpp; path = "v8-snapshot-blob-arm64-debug.cpp"; sourceTree = "<group>"; };
		A1FC1A3F225C82AC00085571 /* v8-snapshot-blob-arm64-debug.hpp */ = {isa = PBXFileReference; lastKnownFileType = sourcecode.cpp.h; path = "v8-snapshot-blob-arm64-debug.hpp"; sourceTree = "<group>"; };
		A1FF9E5F225C9A97004D7C82 /* test-v8-serialize.cpp */ = {isa = PBXFileReference; lastKnownFileType = sourcecode.cpp.cpp; path = "test-v8-serialize.cpp"; sourceTree = "<group>"; };
		A1FF9E60225C9A97004D7C82 /* test-v8-serialize.hpp */ = {isa = PBXFileReference; lastKnownFileType = sourcecode.cpp.h; path = "test-v8-serialize.hpp"; sourceTree = "<group>"; };
		A1FF9E62225CD7FB004D7C82 /* mksnapshot.cpp */ = {isa = PBXFileReference; lastKnownFileType = sourcecode.cpp.cpp; path = mksnapshot.cpp; sourceTree = "<group>"; };
		A1FF9E63225CD7FB004D7C82 /* mksnapshot.hpp */ = {isa = PBXFileReference; lastKnownFileType = sourcecode.cpp.h; path = mksnapshot.hpp; sourceTree = "<group>"; };
		A1FF9E6B225D3CEB004D7C82 /* hello-node.mm */ = {isa = PBXFileReference; lastKnownFileType = sourcecode.cpp.objcpp; path = "hello-node.mm"; sourceTree = "<group>"; };
		A1FF9E6C225D3CEB004D7C82 /* hello-node.hpp */ = {isa = PBXFileReference; lastKnownFileType = sourcecode.cpp.h; path = "hello-node.hpp"; sourceTree = "<group>"; };
		A1FF9E6E225D7BB9004D7C82 /* shell.cc */ = {isa = PBXFileReference; lastKnownFileType = sourcecode.cpp.cpp; path = shell.cc; sourceTree = "<group>"; };
/* End PBXFileReference section */

/* Begin PBXFrameworksBuildPhase section */
		A1FC19FB225C65DC00085571 /* Frameworks */ = {
			isa = PBXFrameworksBuildPhase;
			buildActionMask = 2147483647;
			files = (
				A1FC1A2D225C6AB200085571 /* libhttp_parser.a in Frameworks */,
				A1FC1A2E225C6AB200085571 /* libbrotli.a in Frameworks */,
				A1FC1A2F225C6AB200085571 /* libv8_init.a in Frameworks */,
				A1FC1A30225C6AB200085571 /* libllhttp.a in Frameworks */,
				A1FC1A31225C6AB200085571 /* libnode.a in Frameworks */,
				A1FC1A32225C6AB200085571 /* libv8_nosnapshot.a in Frameworks */,
				A1FC1A33225C6AB200085571 /* libzlib.a in Frameworks */,
				A1FC1A34225C6AB200085571 /* libopenssl.a in Frameworks */,
				A1FC1A35225C6AB200085571 /* libuv.a in Frameworks */,
				A1FC1A36225C6AB200085571 /* libv8_base.a in Frameworks */,
				A1FC1A37225C6AB200085571 /* libv8_libplatform.a in Frameworks */,
				A18E802222657B6C000438E0 /* Client.framework in Frameworks */,
				A1FC1A38225C6AB200085571 /* libv8_libsampler.a in Frameworks */,
				A1FC1A39225C6AB200085571 /* libnghttp2.a in Frameworks */,
				A1FC1A3A225C6AB200085571 /* libhistogram.a in Frameworks */,
				A1FC1A3B225C6AB200085571 /* libv8_initializers.a in Frameworks */,
				A1FC1A3C225C6AB200085571 /* libv8_libbase.a in Frameworks */,
				A1FC1A3D225C6AB200085571 /* libcares.a in Frameworks */,
			);
			runOnlyForDeploymentPostprocessing = 0;
		};
/* End PBXFrameworksBuildPhase section */

/* Begin PBXGroup section */
		211E76982269B10A00B838AF /* NUIWindow */ = {
			isa = PBXGroup;
			children = (
				211E769A2269B10A00B838AF /* NUIWindow.h */,
				211E76992269B10A00B838AF /* NUIWindow.mm */,
			);
			path = NUIWindow;
			sourceTree = "<group>";
		};
		211E769E2269EF5E00B838AF /* NNSObject */ = {
			isa = PBXGroup;
			children = (
				211E769F2269EF7500B838AF /* NSObject+AssociatedObject.swift */,
				211E76A32269F42B00B838AF /* NNSObject.h */,
				211E76A12269F41D00B838AF /* NNSObject.mm */,
			);
			path = NNSObject;
			sourceTree = "<group>";
		};
		211E76A4226A0CE600B838AF /* NUIResponder */ = {
			isa = PBXGroup;
			children = (
				211E76A5226A0CF900B838AF /* NUIResponder.h */,
				211E76A8226A0DE400B838AF /* NUIResponder.mm */,
			);
			path = NUIResponder;
			sourceTree = "<group>";
		};
		211E76A6226A0CFE00B838AF /* NUIControl */ = {
			isa = PBXGroup;
			children = (
				211E76A7226A0D1100B838AF /* NUIControl.h */,
				211E76AA226A11E200B838AF /* NUIControl.mm */,
			);
			path = NUIControl;
			sourceTree = "<group>";
		};
		211E76AC226A1BF100B838AF /* NUIImageView */ = {
			isa = PBXGroup;
			children = (
				211E76B1226A1C3600B838AF /* NUIImageView.h */,
				211E76B2226A1C3600B838AF /* NUIImageView.mm */,
			);
			path = NUIImageView;
			sourceTree = "<group>";
		};
		211E76BA226A52AC00B838AF /* NUILabel */ = {
			isa = PBXGroup;
			children = (
				211E76BC226A52AC00B838AF /* NUILabel.h */,
				211E76BB226A52AC00B838AF /* NUILabel.mm */,
			);
			path = NUILabel;
			sourceTree = "<group>";
		};
		216392A2226BD43600051DE0 /* NCoreAnimation */ = {
			isa = PBXGroup;
			children = (
				A1B5ABCE227D1114004B3CB2 /* CABasicAnimation */,
				216392A3226BD48A00051DE0 /* NCALayer */,
			);
			path = NCoreAnimation;
			sourceTree = "<group>";
		};
		216392A3226BD48A00051DE0 /* NCALayer */ = {
			isa = PBXGroup;
			children = (
				216392A4226BD48A00051DE0 /* NCALayer.h */,
				216392A5226BD48A00051DE0 /* NCALayer.mm */,
			);
			path = NCALayer;
			sourceTree = "<group>";
		};
		21C872CC226A87C500B5192B /* NNSUserDefaults */ = {
			isa = PBXGroup;
			children = (
				21C872CD226A87C500B5192B /* NNSUserDefaults.mm */,
				21C872CE226A87C500B5192B /* NNSUserDefaults.h */,
			);
			path = NNSUserDefaults;
			sourceTree = "<group>";
		};
		21F5520E2269AE0500D8516A /* NUIApplication */ = {
			isa = PBXGroup;
			children = (
				211E76962269AF3100B838AF /* NUIApplication.h */,
				211E76942269AED300B838AF /* NUIApplication.mm */,
			);
			path = NUIApplication;
			sourceTree = "<group>";
		};
		A11CB497226BDFF90006A0D4 /* NUITableViewController */ = {
			isa = PBXGroup;
			children = (
				A11CB498226BE0390006A0D4 /* NUITableViewController.h */,
				A11CB499226BE0420006A0D4 /* NUITableViewController.mm */,
			);
			path = NUITableViewController;
			sourceTree = "<group>";
		};
		A164976F227E148D00CA943F /* NUISwitch */ = {
			isa = PBXGroup;
			children = (
				A1649770227E149900CA943F /* NUISwitch.h */,
				A1649771227E14A200CA943F /* NUISwitch.mm */,
			);
			path = NUISwitch;
			sourceTree = "<group>";
		};
		A19476B0226E9043003BB393 /* NUITableViewDataSource */ = {
			isa = PBXGroup;
			children = (
				A19476B3226E9066003BB393 /* NUITableViewDataSource.h */,
				A19476B1226E905B003BB393 /* NUITableViewDataSource.mm */,
				A19476B4226E9091003BB393 /* SUITableViewDataSource.swift */,
			);
			path = NUITableViewDataSource;
			sourceTree = "<group>";
		};
		A19476B6226E90F0003BB393 /* NUITableViewCell */ = {
			isa = PBXGroup;
			children = (
				A19476B7226E90FF003BB393 /* NUITableViewCell.h */,
				A19476B8226E9109003BB393 /* NUITableViewCell.mm */,
			);
			path = NUITableViewCell;
			sourceTree = "<group>";
		};
		A19476BA226E9450003BB393 /* NUITableView */ = {
			isa = PBXGroup;
			children = (
				A19476BB226E9461003BB393 /* NUITableView.h */,
				A19476BC226E9469003BB393 /* NUITableView.mm */,
			);
			path = NUITableView;
			sourceTree = "<group>";
		};
		A19476C0226F5BCD003BB393 /* NUIRefreshControl */ = {
			isa = PBXGroup;
			children = (
				A19476C1226F5BE1003BB393 /* NUIRefreshControl.mm */,
				A19476C3226F5BEF003BB393 /* NUIRefreshControl.h */,
				A19476C4226F5CBF003BB393 /* SUIRefreshControl.swift */,
			);
			path = NUIRefreshControl;
			sourceTree = "<group>";
		};
		A19E90F8225D7EA8004FC391 /* Scripts */ = {
			isa = PBXGroup;
			children = (
				A12655EE22719CE300D3DF47 /* app.js */,
				A12655F722719CE400D3DF47 /* demo.js */,
				A12655F322719CE300D3DF47 /* hello.js */,
				A12655EB22719CE300D3DF47 /* index.js */,
				A12655EF22719CE300D3DF47 /* index.js.map */,
				A12655F622719CE400D3DF47 /* js-blockchain */,
				A12655ED22719CE300D3DF47 /* package-lock.json */,
				A12655F822719CE400D3DF47 /* package.json */,
				A12655F422719CE300D3DF47 /* server.js */,
				A12655EC22719CE300D3DF47 /* tsconfig.json */,
				A12655E922719CE300D3DF47 /* tslint.json */,
				A12655EA22719CE300D3DF47 /* yarn.lock */,
			);
			path = Scripts;
			sourceTree = "<group>";
		};
		A1B5ABCE227D1114004B3CB2 /* CABasicAnimation */ = {
			isa = PBXGroup;
			children = (
				A1B5ABCF227D1124004B3CB2 /* NCABasicAnimation.h */,
				A1B5ABD0227D112E004B3CB2 /* NCABasicAnimation.mm */,
			);
			path = CABasicAnimation;
			sourceTree = "<group>";
		};
		A1D6729522695C9C00562A42 /* NUIKit */ = {
			isa = PBXGroup;
			children = (
				A164976F227E148D00CA943F /* NUISwitch */,
				A19476C0226F5BCD003BB393 /* NUIRefreshControl */,
				21F5520E2269AE0500D8516A /* NUIApplication */,
				A1D672A3226994AD00562A42 /* NUIButton */,
				211E76A6226A0CFE00B838AF /* NUIControl */,
				A1D672BD2269A05700562A42 /* NUIImage */,
				A1E48226226AB0AE002AF96F /* NUIImagePickerController */,
				211E76AC226A1BF100B838AF /* NUIImageView */,
				211E76BA226A52AC00B838AF /* NUILabel */,
				A1E48222226AA078002AF96F /* NUINavigationController */,
				211E76A4226A0CE600B838AF /* NUIResponder */,
				A1D6729F2269940B00562A42 /* NUIStoryboard */,
				A1D672B822699DB900562A42 /* NUITabBarController */,
				A19476BA226E9450003BB393 /* NUITableView */,
				A19476B6226E90F0003BB393 /* NUITableViewCell */,
				A11CB497226BDFF90006A0D4 /* NUITableViewController */,
				A19476B0226E9043003BB393 /* NUITableViewDataSource */,
				A1D672B422699DB300562A42 /* NUITextField */,
				A1D6729E226993FE00562A42 /* NUIView */,
				A1D6729D226993E700562A42 /* NUIViewController */,
				211E76982269B10A00B838AF /* NUIWindow */,
			);
			path = NUIKit;
			sourceTree = "<group>";
		};
		A1D6729D226993E700562A42 /* NUIViewController */ = {
			isa = PBXGroup;
			children = (
				A1D67291226953B100562A42 /* NUIViewController.h */,
				A1D67292226953BB00562A42 /* NUIViewController.mm */,
				211E76B4226A332D00B838AF /* NodeUIViewController.swift */,
			);
			path = NUIViewController;
			sourceTree = "<group>";
		};
		A1D6729E226993FE00562A42 /* NUIView */ = {
			isa = PBXGroup;
			children = (
				A1D6729622695CB800562A42 /* NUIView.h */,
				A1D6729722695D0200562A42 /* NUIView.mm */,
				21C872D0226A989400B5192B /* UIView+stringTag.swift */,
			);
			path = NUIView;
			sourceTree = "<group>";
		};
		A1D6729F2269940B00562A42 /* NUIStoryboard */ = {
			isa = PBXGroup;
			children = (
				A1D6729922696D6D00562A42 /* NUIStoryboard.h */,
				A1D6729A22696D7A00562A42 /* NUIStoryboard.mm */,
			);
			path = NUIStoryboard;
			sourceTree = "<group>";
		};
		A1D672A02269942100562A42 /* Resources */ = {
			isa = PBXGroup;
			children = (
				A1FC1A18225C6A4A00085571 /* hello-v8.cpp */,
				A1FC1A19225C6A4A00085571 /* hello-v8.hpp */,
				A1FC1A3E225C82AC00085571 /* v8-snapshot-blob-arm64-debug.cpp */,
				A1FC1A3F225C82AC00085571 /* v8-snapshot-blob-arm64-debug.hpp */,
				A1FF9E5F225C9A97004D7C82 /* test-v8-serialize.cpp */,
				A1FF9E60225C9A97004D7C82 /* test-v8-serialize.hpp */,
				A1FF9E62225CD7FB004D7C82 /* mksnapshot.cpp */,
				A1FF9E63225CD7FB004D7C82 /* mksnapshot.hpp */,
				A1FF9E6B225D3CEB004D7C82 /* hello-node.mm */,
				A1FF9E6C225D3CEB004D7C82 /* hello-node.hpp */,
				A1FC1A16225C66D000085571 /* hello.mm */,
				A1D67294226954C000562A42 /* defines.h */,
				216392A7226BDBD900051DE0 /* ColorHelper.h */,
				216392A8226BDBF000051DE0 /* ColorHelper.mm */,
			);
			path = Resources;
			sourceTree = "<group>";
		};
		A1D672A12269944C00562A42 /* NativeClasses */ = {
			isa = PBXGroup;
			children = (
				A1FC1A01225C65DC00085571 /* AppDelegate.swift */,
				A1FC1A03225C65DC00085571 /* FirstViewController.swift */,
				A1FC1A05225C65DC00085571 /* SecondViewController.swift */,
				A1E2D7BA226A5E0200FA1562 /* LoginViewController.swift */,
				A1E2D7B6226A5BC100FA1562 /* EmailTextField.swift */,
				A1E2D7BC226A63B300FA1562 /* PasswordTextField.swift */,
				A19476C6226F7410003BB393 /* DashboardViewController.swift */,
			);
			path = NativeClasses;
			sourceTree = "<group>";
		};
		A1D672A22269945B00562A42 /* Storyboards */ = {
			isa = PBXGroup;
			children = (
				A1FC1A07225C65DC00085571 /* Main.storyboard */,
				A1FC1A0C225C65DD00085571 /* LaunchScreen.storyboard */,
				A1E2D7A6226A59C800FA1562 /* EmailTextField.xib */,
				A1E2D7BE226A63C900FA1562 /* PasswordTextField.xib */,
			);
			path = Storyboards;
			sourceTree = "<group>";
		};
		A1D672A3226994AD00562A42 /* NUIButton */ = {
			isa = PBXGroup;
			children = (
				A1D672A6226994C800562A42 /* NUIButton.h */,
				A1D672A4226994BD00562A42 /* NUIButton.mm */,
				211E769C2269E1DD00B838AF /* UIButton+AddTargetClosure.swift */,
			);
			path = NUIButton;
			sourceTree = "<group>";
		};
		A1D672B422699DB300562A42 /* NUITextField */ = {
			isa = PBXGroup;
			children = (
				A1D672B522699DB300562A42 /* NUITextField.h */,
				A1D672B622699DB300562A42 /* NUITextField.mm */,
				211E76B8226A44CA00B838AF /* UITextField+AddTargetClosure.swift */,
			);
			path = NUITextField;
			sourceTree = "<group>";
		};
		A1D672B822699DB900562A42 /* NUITabBarController */ = {
			isa = PBXGroup;
			children = (
				A1D672BA22699DB900562A42 /* NUITabBarController.h */,
				A1D672B922699DB900562A42 /* NUITabBarController.mm */,
				211E76B6226A3E4D00B838AF /* NodeUITabBarController.swift */,
			);
			path = NUITabBarController;
			sourceTree = "<group>";
		};
		A1D672BD2269A05700562A42 /* NUIImage */ = {
			isa = PBXGroup;
			children = (
				A1D672BE2269A06500562A42 /* NUIImage.h */,
				A1D672BF2269A06F00562A42 /* NUIImage.mm */,
			);
			path = NUIImage;
			sourceTree = "<group>";
		};
		A1E2D7A5226A500100FA1562 /* NObjC */ = {
			isa = PBXGroup;
			children = (
				211E769E2269EF5E00B838AF /* NNSObject */,
				21C872CC226A87C500B5192B /* NNSUserDefaults */,
			);
			path = NObjC;
			sourceTree = "<group>";
		};
		A1E48222226AA078002AF96F /* NUINavigationController */ = {
			isa = PBXGroup;
			children = (
				A1E48225226AA261002AF96F /* NUINavigationController.h */,
				A1E48223226AA259002AF96F /* NUINavigationController.mm */,
			);
			path = NUINavigationController;
			sourceTree = "<group>";
		};
		A1E48226226AB0AE002AF96F /* NUIImagePickerController */ = {
			isa = PBXGroup;
			children = (
				A1E4822A226AB40E002AF96F /* NUIImagePickerControllerDelegate */,
				A1E48227226AB0C5002AF96F /* NUIImagePickerController.h */,
				A1E48228226AB0CF002AF96F /* NUIImagePickerController.mm */,
			);
			path = NUIImagePickerController;
			sourceTree = "<group>";
		};
		A1E4822A226AB40E002AF96F /* NUIImagePickerControllerDelegate */ = {
			isa = PBXGroup;
			children = (
				A1E4822B226AB425002AF96F /* NUIImagePickerControllerDelegate.h */,
				A1E4822C226AB42E002AF96F /* NUIImagePickerControllerDelegate.mm */,
				A1E4822E226AB959002AF96F /* SUIImagePickerControllerDelegate.swift */,
			);
			path = NUIImagePickerControllerDelegate;
			sourceTree = "<group>";
		};
		A1FC19F5225C65DC00085571 = {
			isa = PBXGroup;
			children = (
				A1058B44226810B700CEAA5C /* embedded.S */,
				A1058B46226810BF00CEAA5C /* snapshot.cc */,
				A1058B402267FE7E00CEAA5C /* embedded-file-writer.cc */,
				A1FF9E6E225D7BB9004D7C82 /* shell.cc */,
				A1FC1A00225C65DC00085571 /* node-ios-hello */,
				A19E90F8225D7EA8004FC391 /* Scripts */,
				A1FC19FF225C65DC00085571 /* Products */,
				A1FC1A1B225C6AB100085571 /* Frameworks */,
			);
			sourceTree = "<group>";
		};
		A1FC19FF225C65DC00085571 /* Products */ = {
			isa = PBXGroup;
			children = (
				A1FC19FE225C65DC00085571 /* node-ios-hello.app */,
				A19E90F7225D7EA8004FC391 /* Scripts.bundle */,
			);
			name = Products;
			sourceTree = "<group>";
		};
		A1FC1A00225C65DC00085571 /* node-ios-hello */ = {
			isa = PBXGroup;
			children = (
				A1D672A22269945B00562A42 /* Storyboards */,
				A1D672A12269944C00562A42 /* NativeClasses */,
				A1D672A02269942100562A42 /* Resources */,
				A1E2D7A5226A500100FA1562 /* NObjC */,
				216392A2226BD43600051DE0 /* NCoreAnimation */,
				A1D6729522695C9C00562A42 /* NUIKit */,
				A1FC1A0A225C65DD00085571 /* Assets.xcassets */,
				A1FC1A0F225C65DD00085571 /* Info.plist */,
				A1FC1A15225C66D000085571 /* node-ios-hello-Bridging-Header.h */,
				A1058B422268029E00CEAA5C /* libs_main.mm */,
				A1D6729022694E7000562A42 /* libs_main.hpp */,
			);
			path = "node-ios-hello";
			sourceTree = "<group>";
		};
		A1FC1A1B225C6AB100085571 /* Frameworks */ = {
			isa = PBXGroup;
			children = (
				A18E802122657B6C000438E0 /* Client.framework */,
				A1FC1A1D225C6AB200085571 /* libbrotli.a */,
				A1FC1A2C225C6AB200085571 /* libcares.a */,
				A1FC1A29225C6AB200085571 /* libhistogram.a */,
				A1FC1A1C225C6AB200085571 /* libhttp_parser.a */,
				A1FC1A1F225C6AB200085571 /* libllhttp.a */,
				A1FC1A28225C6AB200085571 /* libnghttp2.a */,
				A1FC1A20225C6AB200085571 /* libnode.a */,
				A1FC1A23225C6AB200085571 /* libopenssl.a */,
				A1FC1A24225C6AB200085571 /* libuv.a */,
				A1FC1A25225C6AB200085571 /* libv8_base.a */,
				A1FC1A1E225C6AB200085571 /* libv8_init.a */,
				A1FC1A2A225C6AB200085571 /* libv8_initializers.a */,
				A1FC1A2B225C6AB200085571 /* libv8_libbase.a */,
				A1FC1A26225C6AB200085571 /* libv8_libplatform.a */,
				A1FC1A27225C6AB200085571 /* libv8_libsampler.a */,
				A1FC1A21225C6AB200085571 /* libv8_nosnapshot.a */,
				A1FC1A22225C6AB200085571 /* libzlib.a */,
			);
			name = Frameworks;
			sourceTree = "<group>";
		};
/* End PBXGroup section */

/* Begin PBXNativeTarget section */
		A19E90F6225D7EA8004FC391 /* Scripts */ = {
			isa = PBXNativeTarget;
			buildConfigurationList = A19E90FC225D7EA8004FC391 /* Build configuration list for PBXNativeTarget "Scripts" */;
			buildPhases = (
				A19E90F5225D7EA8004FC391 /* Resources */,
			);
			buildRules = (
			);
			dependencies = (
			);
			name = Scripts;
			productName = Scripts;
			productReference = A19E90F7225D7EA8004FC391 /* Scripts.bundle */;
			productType = "com.apple.product-type.bundle";
		};
		A1FC19FD225C65DC00085571 /* node-ios-hello */ = {
			isa = PBXNativeTarget;
			buildConfigurationList = A1FC1A12225C65DD00085571 /* Build configuration list for PBXNativeTarget "node-ios-hello" */;
			buildPhases = (
				A1FC19FA225C65DC00085571 /* Sources */,
				A1FC19FB225C65DC00085571 /* Frameworks */,
				A1FC19FC225C65DC00085571 /* Resources */,
			);
			buildRules = (
			);
			dependencies = (
				A19E90FE225D7EDC004FC391 /* PBXTargetDependency */,
			);
			name = "node-ios-hello";
			productName = "node-ios-hello";
			productReference = A1FC19FE225C65DC00085571 /* node-ios-hello.app */;
			productType = "com.apple.product-type.application";
		};
/* End PBXNativeTarget section */

/* Begin PBXProject section */
		A1FC19F6225C65DC00085571 /* Project object */ = {
			isa = PBXProject;
			attributes = {
				LastSwiftUpdateCheck = 1010;
				LastUpgradeCheck = 1010;
				ORGANIZATIONNAME = sweetiebird;
				TargetAttributes = {
					A19E90F6225D7EA8004FC391 = {
						CreatedOnToolsVersion = 10.1;
					};
					A1FC19FD225C65DC00085571 = {
						CreatedOnToolsVersion = 10.1;
						LastSwiftMigration = 1010;
					};
				};
			};
			buildConfigurationList = A1FC19F9225C65DC00085571 /* Build configuration list for PBXProject "node-ios-hello" */;
			compatibilityVersion = "Xcode 9.3";
			developmentRegion = en;
			hasScannedForEncodings = 0;
			knownRegions = (
				en,
				Base,
			);
			mainGroup = A1FC19F5225C65DC00085571;
			productRefGroup = A1FC19FF225C65DC00085571 /* Products */;
			projectDirPath = "";
			projectRoot = "";
			targets = (
				A1FC19FD225C65DC00085571 /* node-ios-hello */,
				A19E90F6225D7EA8004FC391 /* Scripts */,
			);
		};
/* End PBXProject section */

/* Begin PBXResourcesBuildPhase section */
		A19E90F5225D7EA8004FC391 /* Resources */ = {
			isa = PBXResourcesBuildPhase;
			buildActionMask = 2147483647;
			files = (
				A126560222719CE400D3DF47 /* hello.js in Resources */,
				A126560322719CE400D3DF47 /* server.js in Resources */,
				A12655FE22719CE400D3DF47 /* app.js in Resources */,
				A12655FB22719CE400D3DF47 /* index.js in Resources */,
				A12655FA22719CE400D3DF47 /* yarn.lock in Resources */,
				A126560522719CE400D3DF47 /* js-blockchain in Resources */,
				A12655FD22719CE400D3DF47 /* package-lock.json in Resources */,
				A12655FC22719CE400D3DF47 /* tsconfig.json in Resources */,
				A12655F922719CE400D3DF47 /* tslint.json in Resources */,
				A126560622719CE400D3DF47 /* demo.js in Resources */,
				A126560722719CE400D3DF47 /* package.json in Resources */,
			);
			runOnlyForDeploymentPostprocessing = 0;
		};
		A1FC19FC225C65DC00085571 /* Resources */ = {
			isa = PBXResourcesBuildPhase;
			buildActionMask = 2147483647;
			files = (
				A1E2D7BF226A63C900FA1562 /* PasswordTextField.xib in Resources */,
				A19E90FF225D7EEA004FC391 /* Scripts.bundle in Resources */,
				A1E2D7A7226A59C800FA1562 /* EmailTextField.xib in Resources */,
				A1FC1A0E225C65DD00085571 /* LaunchScreen.storyboard in Resources */,
				A1FC1A0B225C65DD00085571 /* Assets.xcassets in Resources */,
				A1FC1A09225C65DC00085571 /* Main.storyboard in Resources */,
			);
			runOnlyForDeploymentPostprocessing = 0;
		};
/* End PBXResourcesBuildPhase section */

/* Begin PBXSourcesBuildPhase section */
		A1FC19FA225C65DC00085571 /* Sources */ = {
			isa = PBXSourcesBuildPhase;
			buildActionMask = 2147483647;
			files = (
				A1E2D7B7226A5BC100FA1562 /* EmailTextField.swift in Sources */,
				A1FC1A06225C65DC00085571 /* SecondViewController.swift in Sources */,
				A1D67293226953BB00562A42 /* NUIViewController.mm in Sources */,
				A1058B45226810B700CEAA5C /* embedded.S in Sources */,
				A1FC1A1A225C6A4A00085571 /* hello-v8.cpp in Sources */,
				A1E4822D226AB42E002AF96F /* NUIImagePickerControllerDelegate.mm in Sources */,
				A1D672B722699DB300562A42 /* NUITextField.mm in Sources */,
				A1E2D7BD226A63B300FA1562 /* PasswordTextField.swift in Sources */,
				A1FC1A40225C82AC00085571 /* v8-snapshot-blob-arm64-debug.cpp in Sources */,
				A1D672A5226994BD00562A42 /* NUIButton.mm in Sources */,
				211E76B7226A3E4D00B838AF /* NodeUITabBarController.swift in Sources */,
				A1E48224226AA259002AF96F /* NUINavigationController.mm in Sources */,
				A1058B47226810BF00CEAA5C /* snapshot.cc in Sources */,
				211E76B5226A332D00B838AF /* NodeUIViewController.swift in Sources */,
				A1D672C02269A06F00562A42 /* NUIImage.mm in Sources */,
				211E76A9226A0DE400B838AF /* NUIResponder.mm in Sources */,
				A19476C7226F7410003BB393 /* DashboardViewController.swift in Sources */,
				A19476C2226F5BE1003BB393 /* NUIRefreshControl.mm in Sources */,
				A1FC1A02225C65DC00085571 /* AppDelegate.swift in Sources */,
				A1058B432268029E00CEAA5C /* libs_main.mm in Sources */,
				A1FF9E61225C9A97004D7C82 /* test-v8-serialize.cpp in Sources */,
				A1FF9E6D225D3CEB004D7C82 /* hello-node.mm in Sources */,
				A11CB49A226BE0420006A0D4 /* NUITableViewController.mm in Sources */,
				A1649772227E14A200CA943F /* NUISwitch.mm in Sources */,
				A1FC1A17225C66D000085571 /* hello.mm in Sources */,
				211E76B9226A44CA00B838AF /* UITextField+AddTargetClosure.swift in Sources */,
				A1D672BB22699DB900562A42 /* NUITabBarController.mm in Sources */,
				A19476BD226E9469003BB393 /* NUITableView.mm in Sources */,
				A1B5ABD1227D112E004B3CB2 /* NCABasicAnimation.mm in Sources */,
				A1D6729822695D0200562A42 /* NUIView.mm in Sources */,
				216392A9226BDBF000051DE0 /* ColorHelper.mm in Sources */,
				216392A6226BD48A00051DE0 /* NCALayer.mm in Sources */,
				A1E48229226AB0CF002AF96F /* NUIImagePickerController.mm in Sources */,
				A1E2D7BB226A5E0200FA1562 /* LoginViewController.swift in Sources */,
				A1E4822F226AB959002AF96F /* SUIImagePickerControllerDelegate.swift in Sources */,
				211E76B3226A1C3600B838AF /* NUIImageView.mm in Sources */,
				211E769B2269B10A00B838AF /* NUIWindow.mm in Sources */,
				211E769D2269E1DD00B838AF /* UIButton+AddTargetClosure.swift in Sources */,
				211E76A22269F41D00B838AF /* NNSObject.mm in Sources */,
				A19476B5226E9091003BB393 /* SUITableViewDataSource.swift in Sources */,
				A19476B2226E905B003BB393 /* NUITableViewDataSource.mm in Sources */,
				A19476B9226E9109003BB393 /* NUITableViewCell.mm in Sources */,
				A19476C5226F5CBF003BB393 /* SUIRefreshControl.swift in Sources */,
				A1FC1A04225C65DC00085571 /* FirstViewController.swift in Sources */,
				211E76AB226A11E200B838AF /* NUIControl.mm in Sources */,
				21C872CF226A87C500B5192B /* NNSUserDefaults.mm in Sources */,
				21C872D1226A989400B5192B /* UIView+stringTag.swift in Sources */,
				A1058B412267FE7E00CEAA5C /* embedded-file-writer.cc in Sources */,
				211E76A02269EF7500B838AF /* NSObject+AssociatedObject.swift in Sources */,
				211E76952269AED300B838AF /* NUIApplication.mm in Sources */,
				A1FF9E64225CD7FB004D7C82 /* mksnapshot.cpp in Sources */,
				A1D6729B22696D7A00562A42 /* NUIStoryboard.mm in Sources */,
				211E76BD226A52AC00B838AF /* NUILabel.mm in Sources */,
			);
			runOnlyForDeploymentPostprocessing = 0;
		};
/* End PBXSourcesBuildPhase section */

/* Begin PBXTargetDependency section */
		A19E90FE225D7EDC004FC391 /* PBXTargetDependency */ = {
			isa = PBXTargetDependency;
			target = A19E90F6225D7EA8004FC391 /* Scripts */;
			targetProxy = A19E90FD225D7EDC004FC391 /* PBXContainerItemProxy */;
		};
/* End PBXTargetDependency section */

/* Begin PBXVariantGroup section */
		A1FC1A07225C65DC00085571 /* Main.storyboard */ = {
			isa = PBXVariantGroup;
			children = (
				A1FC1A08225C65DC00085571 /* Base */,
			);
			name = Main.storyboard;
			sourceTree = "<group>";
		};
		A1FC1A0C225C65DD00085571 /* LaunchScreen.storyboard */ = {
			isa = PBXVariantGroup;
			children = (
				A1FC1A0D225C65DD00085571 /* Base */,
			);
			name = LaunchScreen.storyboard;
			sourceTree = "<group>";
		};
/* End PBXVariantGroup section */

/* Begin XCBuildConfiguration section */
		A19E90FA225D7EA8004FC391 /* Debug */ = {
			isa = XCBuildConfiguration;
			buildSettings = {
				CODE_SIGN_STYLE = Automatic;
				COMBINE_HIDPI_IMAGES = YES;
				DEVELOPMENT_TEAM = B9452FEMTF;
				INFOPLIST_FILE = Scripts/Info.plist;
				INSTALL_PATH = "$(LOCAL_LIBRARY_DIR)/Bundles";
				IPHONEOS_DEPLOYMENT_TARGET = 12.0;
				PRODUCT_BUNDLE_IDENTIFIER = com.emilykolar.Scripts;
				PRODUCT_NAME = "$(TARGET_NAME)";
				SKIP_INSTALL = YES;
				TARGETED_DEVICE_FAMILY = "1,2";
				WRAPPER_EXTENSION = bundle;
			};
			name = Debug;
		};
		A19E90FB225D7EA8004FC391 /* Release */ = {
			isa = XCBuildConfiguration;
			buildSettings = {
				CODE_SIGN_STYLE = Automatic;
				COMBINE_HIDPI_IMAGES = YES;
				DEVELOPMENT_TEAM = B9452FEMTF;
				INFOPLIST_FILE = Scripts/Info.plist;
				INSTALL_PATH = "$(LOCAL_LIBRARY_DIR)/Bundles";
				IPHONEOS_DEPLOYMENT_TARGET = 12.0;
				PRODUCT_BUNDLE_IDENTIFIER = com.emilykolar.Scripts;
				PRODUCT_NAME = "$(TARGET_NAME)";
				SKIP_INSTALL = YES;
				TARGETED_DEVICE_FAMILY = "1,2";
				WRAPPER_EXTENSION = bundle;
			};
			name = Release;
		};
		A1FC1A10225C65DD00085571 /* Debug */ = {
			isa = XCBuildConfiguration;
			buildSettings = {
				ALWAYS_SEARCH_USER_PATHS = NO;
				CLANG_ANALYZER_NONNULL = YES;
				CLANG_ANALYZER_NUMBER_OBJECT_CONVERSION = YES_AGGRESSIVE;
				CLANG_CXX_LANGUAGE_STANDARD = "gnu++14";
				CLANG_CXX_LIBRARY = "libc++";
				CLANG_ENABLE_MODULES = YES;
				CLANG_ENABLE_OBJC_ARC = YES;
				CLANG_ENABLE_OBJC_WEAK = YES;
				CLANG_WARN_BLOCK_CAPTURE_AUTORELEASING = YES;
				CLANG_WARN_BOOL_CONVERSION = YES;
				CLANG_WARN_COMMA = YES;
				CLANG_WARN_CONSTANT_CONVERSION = YES;
				CLANG_WARN_DEPRECATED_OBJC_IMPLEMENTATIONS = YES;
				CLANG_WARN_DIRECT_OBJC_ISA_USAGE = YES_ERROR;
				CLANG_WARN_DOCUMENTATION_COMMENTS = YES;
				CLANG_WARN_EMPTY_BODY = YES;
				CLANG_WARN_ENUM_CONVERSION = YES;
				CLANG_WARN_INFINITE_RECURSION = YES;
				CLANG_WARN_INT_CONVERSION = YES;
				CLANG_WARN_NON_LITERAL_NULL_CONVERSION = YES;
				CLANG_WARN_OBJC_IMPLICIT_RETAIN_SELF = YES;
				CLANG_WARN_OBJC_LITERAL_CONVERSION = YES;
				CLANG_WARN_OBJC_ROOT_CLASS = YES_ERROR;
				CLANG_WARN_RANGE_LOOP_ANALYSIS = YES;
				CLANG_WARN_STRICT_PROTOTYPES = YES;
				CLANG_WARN_SUSPICIOUS_MOVE = YES;
				CLANG_WARN_UNGUARDED_AVAILABILITY = YES_AGGRESSIVE;
				CLANG_WARN_UNREACHABLE_CODE = YES;
				CLANG_WARN__DUPLICATE_METHOD_MATCH = YES;
				CODE_SIGN_IDENTITY = "iPhone Developer";
				COPY_PHASE_STRIP = NO;
				DEBUG_INFORMATION_FORMAT = dwarf;
				ENABLE_STRICT_OBJC_MSGSEND = YES;
				ENABLE_TESTABILITY = YES;
				GCC_C_LANGUAGE_STANDARD = gnu11;
				GCC_DYNAMIC_NO_PIC = NO;
				GCC_NO_COMMON_BLOCKS = YES;
				GCC_OPTIMIZATION_LEVEL = 0;
				GCC_PREPROCESSOR_DEFINITIONS = (
					"DEBUG=1",
					"$(inherited)",
				);
				GCC_WARN_64_TO_32_BIT_CONVERSION = YES;
				GCC_WARN_ABOUT_RETURN_TYPE = YES_ERROR;
				GCC_WARN_UNDECLARED_SELECTOR = YES;
				GCC_WARN_UNINITIALIZED_AUTOS = YES_AGGRESSIVE;
				GCC_WARN_UNUSED_FUNCTION = YES;
				GCC_WARN_UNUSED_VARIABLE = YES;
				IPHONEOS_DEPLOYMENT_TARGET = 12.1;
				MTL_ENABLE_DEBUG_INFO = INCLUDE_SOURCE;
				MTL_FAST_MATH = YES;
				ONLY_ACTIVE_ARCH = YES;
				SDKROOT = iphoneos;
				SWIFT_ACTIVE_COMPILATION_CONDITIONS = DEBUG;
				SWIFT_OPTIMIZATION_LEVEL = "-Onone";
			};
			name = Debug;
		};
		A1FC1A11225C65DD00085571 /* Release */ = {
			isa = XCBuildConfiguration;
			buildSettings = {
				ALWAYS_SEARCH_USER_PATHS = NO;
				CLANG_ANALYZER_NONNULL = YES;
				CLANG_ANALYZER_NUMBER_OBJECT_CONVERSION = YES_AGGRESSIVE;
				CLANG_CXX_LANGUAGE_STANDARD = "gnu++14";
				CLANG_CXX_LIBRARY = "libc++";
				CLANG_ENABLE_MODULES = YES;
				CLANG_ENABLE_OBJC_ARC = YES;
				CLANG_ENABLE_OBJC_WEAK = YES;
				CLANG_WARN_BLOCK_CAPTURE_AUTORELEASING = YES;
				CLANG_WARN_BOOL_CONVERSION = YES;
				CLANG_WARN_COMMA = YES;
				CLANG_WARN_CONSTANT_CONVERSION = YES;
				CLANG_WARN_DEPRECATED_OBJC_IMPLEMENTATIONS = YES;
				CLANG_WARN_DIRECT_OBJC_ISA_USAGE = YES_ERROR;
				CLANG_WARN_DOCUMENTATION_COMMENTS = YES;
				CLANG_WARN_EMPTY_BODY = YES;
				CLANG_WARN_ENUM_CONVERSION = YES;
				CLANG_WARN_INFINITE_RECURSION = YES;
				CLANG_WARN_INT_CONVERSION = YES;
				CLANG_WARN_NON_LITERAL_NULL_CONVERSION = YES;
				CLANG_WARN_OBJC_IMPLICIT_RETAIN_SELF = YES;
				CLANG_WARN_OBJC_LITERAL_CONVERSION = YES;
				CLANG_WARN_OBJC_ROOT_CLASS = YES_ERROR;
				CLANG_WARN_RANGE_LOOP_ANALYSIS = YES;
				CLANG_WARN_STRICT_PROTOTYPES = YES;
				CLANG_WARN_SUSPICIOUS_MOVE = YES;
				CLANG_WARN_UNGUARDED_AVAILABILITY = YES_AGGRESSIVE;
				CLANG_WARN_UNREACHABLE_CODE = YES;
				CLANG_WARN__DUPLICATE_METHOD_MATCH = YES;
				CODE_SIGN_IDENTITY = "iPhone Developer";
				COPY_PHASE_STRIP = NO;
				DEBUG_INFORMATION_FORMAT = "dwarf-with-dsym";
				ENABLE_NS_ASSERTIONS = NO;
				ENABLE_STRICT_OBJC_MSGSEND = YES;
				GCC_C_LANGUAGE_STANDARD = gnu11;
				GCC_NO_COMMON_BLOCKS = YES;
				GCC_WARN_64_TO_32_BIT_CONVERSION = YES;
				GCC_WARN_ABOUT_RETURN_TYPE = YES_ERROR;
				GCC_WARN_UNDECLARED_SELECTOR = YES;
				GCC_WARN_UNINITIALIZED_AUTOS = YES_AGGRESSIVE;
				GCC_WARN_UNUSED_FUNCTION = YES;
				GCC_WARN_UNUSED_VARIABLE = YES;
				IPHONEOS_DEPLOYMENT_TARGET = 12.1;
				MTL_ENABLE_DEBUG_INFO = NO;
				MTL_FAST_MATH = YES;
				SDKROOT = iphoneos;
				SWIFT_COMPILATION_MODE = wholemodule;
				SWIFT_OPTIMIZATION_LEVEL = "-O";
				VALIDATE_PRODUCT = YES;
			};
			name = Release;
		};
		A1FC1A13225C65DD00085571 /* Debug */ = {
			isa = XCBuildConfiguration;
			buildSettings = {
				ASSETCATALOG_COMPILER_APPICON_NAME = AppIcon;
				CLANG_ENABLE_MODULES = YES;
				CODE_SIGN_STYLE = Automatic;
				DEAD_CODE_STRIPPING = NO;
				DEVELOPMENT_TEAM = B9452FEMTF;
				ENABLE_BITCODE = NO;
				FRAMEWORK_SEARCH_PATHS = (
					"$(inherited)",
					"$(PROJECT_DIR)",
				);
				HEADER_SEARCH_PATHS = (
					"../node-ios-full/src",
					"../node-ios-full/deps/uv/include",
					"../node-ios-full/deps/v8/include",
					"../node-ios-full/deps/v8",
					"../node-ios-full/out/Debug/obj/gen/generate-bytecode-output-root",
					"../node-ios-full/out/Debug/obj/gen/torque-output-root",
					../nan,
				);
				INFOPLIST_FILE = "node-ios-hello/Info.plist";
				IPHONEOS_DEPLOYMENT_TARGET = 12.0;
				LD_GENERATE_MAP_FILE = YES;
				LD_RUNPATH_SEARCH_PATHS = (
					"$(inherited)",
					"@executable_path/Frameworks",
				);
				LIBRARY_SEARCH_PATHS = "../node-ios-full/out/Debug";
				OTHER_CPLUSPLUSFLAGS = (
					"$(OTHER_CFLAGS)",
					"-fmodules",
					"-fcxx-modules",
				);
				PRODUCT_BUNDLE_IDENTIFIER = "com.emilykolar.node-ios-hello-2";
				PRODUCT_NAME = "$(TARGET_NAME)";
				STRIP_INSTALLED_PRODUCT = NO;
				STRIP_STYLE = "non-global";
				STRIP_SWIFT_SYMBOLS = NO;
				SWIFT_OBJC_BRIDGING_HEADER = "node-ios-hello/node-ios-hello-Bridging-Header.h";
				SWIFT_OPTIMIZATION_LEVEL = "-Onone";
				SWIFT_VERSION = 4.2;
				TARGETED_DEVICE_FAMILY = "1,2";
			};
			name = Debug;
		};
		A1FC1A14225C65DD00085571 /* Release */ = {
			isa = XCBuildConfiguration;
			buildSettings = {
				ASSETCATALOG_COMPILER_APPICON_NAME = AppIcon;
				CLANG_ENABLE_MODULES = YES;
				CODE_SIGN_STYLE = Automatic;
				DEAD_CODE_STRIPPING = NO;
				DEVELOPMENT_TEAM = B9452FEMTF;
				ENABLE_BITCODE = NO;
				FRAMEWORK_SEARCH_PATHS = (
					"$(inherited)",
					"$(PROJECT_DIR)",
				);
				HEADER_SEARCH_PATHS = (
					"../node-ios-full/src",
					"../node-ios-full/deps/uv/include",
					"../node-ios-full/deps/v8/include",
					"../node-ios-full/deps/v8",
					"../node-ios-full/out/Debug/obj/gen/generate-bytecode-output-root",
					"../node-ios-full/out/Debug/obj/gen/torque-output-root",
					../nan,
				);
				INFOPLIST_FILE = "node-ios-hello/Info.plist";
				IPHONEOS_DEPLOYMENT_TARGET = 12.0;
				LD_GENERATE_MAP_FILE = YES;
				LD_RUNPATH_SEARCH_PATHS = (
					"$(inherited)",
					"@executable_path/Frameworks",
				);
				LIBRARY_SEARCH_PATHS = "../node-ios-full/out/Release";
				OTHER_CPLUSPLUSFLAGS = (
					"$(OTHER_CFLAGS)",
					"-fmodules",
					"-fcxx-modules",
				);
				PRODUCT_BUNDLE_IDENTIFIER = "com.emilykolar.node-ios-hello-2";
				PRODUCT_NAME = "$(TARGET_NAME)";
				STRIP_INSTALLED_PRODUCT = NO;
				STRIP_STYLE = "non-global";
				STRIP_SWIFT_SYMBOLS = NO;
				SWIFT_OBJC_BRIDGING_HEADER = "node-ios-hello/node-ios-hello-Bridging-Header.h";
				SWIFT_VERSION = 4.2;
				TARGETED_DEVICE_FAMILY = "1,2";
			};
			name = Release;
		};
/* End XCBuildConfiguration section */

/* Begin XCConfigurationList section */
		A19E90FC225D7EA8004FC391 /* Build configuration list for PBXNativeTarget "Scripts" */ = {
			isa = XCConfigurationList;
			buildConfigurations = (
				A19E90FA225D7EA8004FC391 /* Debug */,
				A19E90FB225D7EA8004FC391 /* Release */,
			);
			defaultConfigurationIsVisible = 0;
			defaultConfigurationName = Release;
		};
		A1FC19F9225C65DC00085571 /* Build configuration list for PBXProject "node-ios-hello" */ = {
			isa = XCConfigurationList;
			buildConfigurations = (
				A1FC1A10225C65DD00085571 /* Debug */,
				A1FC1A11225C65DD00085571 /* Release */,
			);
			defaultConfigurationIsVisible = 0;
			defaultConfigurationName = Release;
		};
		A1FC1A12225C65DD00085571 /* Build configuration list for PBXNativeTarget "node-ios-hello" */ = {
			isa = XCConfigurationList;
			buildConfigurations = (
				A1FC1A13225C65DD00085571 /* Debug */,
				A1FC1A14225C65DD00085571 /* Release */,
			);
			defaultConfigurationIsVisible = 0;
			defaultConfigurationName = Release;
		};
/* End XCConfigurationList section */
	};
	rootObject = A1FC19F6225C65DC00085571 /* Project object */;
}
